{
    "version": 3,
    "terraform_version": "0.11.3",
    "serial": 11,
    "lineage": "cc61206b-b1b6-4ae9-a55d-ba066e436214",
    "modules": [
        {
            "path": [
                "root"
            ],
            "outputs": {
                "endpoint": {
                    "sensitive": false,
                    "type": "string",
                    "value": "35.192.228.37"
                },
                "node_pools": {
                    "sensitive": false,
                    "type": "string",
                    "value": "10.32.0.0/14"
                }
            },
            "resources": {
                "google_compute_disk.mysql-disk": {
                    "type": "google_compute_disk",
                    "depends_on": [],
                    "primary": {
                        "id": "mysql-disk",
                        "attributes": {
                            "creation_timestamp": "2018-06-20T12:48:46.936-07:00",
                            "description": "",
                            "disk_encryption_key.#": "0",
                            "id": "mysql-disk",
                            "image": "",
                            "label_fingerprint": "42WmSpB8rSM=",
                            "labels.%": "0",
                            "last_attach_timestamp": "",
                            "last_detach_timestamp": "",
                            "name": "mysql-disk",
                            "project": "k8-wordpress-mysql",
                            "self_link": "https://www.googleapis.com/compute/v1/projects/k8-wordpress-mysql/zones/us-central1-b/disks/mysql-disk",
                            "size": "200",
                            "snapshot": "",
                            "source_image_encryption_key.#": "0",
                            "source_image_id": "",
                            "source_snapshot_encryption_key.#": "0",
                            "source_snapshot_id": "",
                            "type": "pd-standard",
                            "users.#": "0",
                            "zone": "us-central1-b"
                        },
                        "meta": {
                            "e2bfb730-ecaa-11e6-8f88-34363bc7c4c0": {
                                "create": 300000000000,
                                "delete": 240000000000,
                                "update": 240000000000
                            }
                        },
                        "tainted": false
                    },
                    "deposed": [],
                    "provider": "provider.google"
                },
                "google_compute_disk.wordpress-disk": {
                    "type": "google_compute_disk",
                    "depends_on": [],
                    "primary": {
                        "id": "wordpress-disk",
                        "attributes": {
                            "creation_timestamp": "2018-06-20T12:48:46.931-07:00",
                            "description": "",
                            "disk_encryption_key.#": "0",
                            "id": "wordpress-disk",
                            "image": "",
                            "label_fingerprint": "42WmSpB8rSM=",
                            "labels.%": "0",
                            "last_attach_timestamp": "",
                            "last_detach_timestamp": "",
                            "name": "wordpress-disk",
                            "project": "k8-wordpress-mysql",
                            "self_link": "https://www.googleapis.com/compute/v1/projects/k8-wordpress-mysql/zones/us-central1-b/disks/wordpress-disk",
                            "size": "200",
                            "snapshot": "",
                            "source_image_encryption_key.#": "0",
                            "source_image_id": "",
                            "source_snapshot_encryption_key.#": "0",
                            "source_snapshot_id": "",
                            "type": "pd-standard",
                            "users.#": "0",
                            "zone": "us-central1-b"
                        },
                        "meta": {
                            "e2bfb730-ecaa-11e6-8f88-34363bc7c4c0": {
                                "create": 300000000000,
                                "delete": 240000000000,
                                "update": 240000000000
                            }
                        },
                        "tainted": false
                    },
                    "deposed": [],
                    "provider": "provider.google"
                },
                "google_container_cluster.cluster": {
                    "type": "google_container_cluster",
                    "depends_on": [
                        "google_compute_disk.mysql-disk",
                        "google_compute_disk.wordpress-disk"
                    ],
                    "primary": {
                        "id": "wordpress-cluster",
                        "attributes": {
                            "additional_zones.#": "0",
                            "addons_config.#": "1",
                            "addons_config.0.horizontal_pod_autoscaling.#": "0",
                            "addons_config.0.http_load_balancing.#": "0",
                            "addons_config.0.kubernetes_dashboard.#": "0",
                            "addons_config.0.network_policy_config.#": "1",
                            "addons_config.0.network_policy_config.0.disabled": "true",
                            "cluster_ipv4_cidr": "10.32.0.0/14",
                            "description": "",
                            "enable_kubernetes_alpha": "false",
                            "enable_legacy_abac": "false",
                            "endpoint": "35.192.228.37",
                            "id": "wordpress-cluster",
                            "initial_node_count": "3",
                            "instance_group_urls.#": "1",
                            "instance_group_urls.0": "https://www.googleapis.com/compute/v1/projects/k8-wordpress-mysql/zones/us-central1-b/instanceGroups/gke-wordpress-cluster-default-pool-c2afb2e6-grp",
                            "logging_service": "logging.googleapis.com",
                            "master_auth.#": "1",
                            "master_auth.0.client_certificate": "LS0tLS1CRUdJTiBDRVJUSUZJQ0FURS0tLS0tCk1JSUMyekNDQWNPZ0F3SUJBZ0lSQU53T3ltc3hVRjNUNFpsT2o4alltRDB3RFFZSktvWklodmNOQVFFTEJRQXcKTHpFdE1Dc0dBMVVFQXhNa1lUY3dNVEJoTkRJdFl6ZGxNQzAwTUdVM0xUbGxNVGt0Tmpsak56STJZelJsWWpBMApNQjRYRFRFNE1EWXlNREU1TlRnd05Wb1hEVEl6TURZeE9URTVOVGd3TlZvd0VURVBNQTBHQTFVRUF4TUdZMnhwClpXNTBNSUlCSWpBTkJna3Foa2lHOXcwQkFRRUZBQU9DQVE4QU1JSUJDZ0tDQVFFQXBrUFBuczB0TVNXdG5OeWEKL0J4V1kxZ2dNTFZKcllXcUczL0lTTVZhcUVWcGhBcng0RmFUSy9ha2U2QnR0Y1I5SVlDdmJGa3hSdURsclJTZwpTaGtOWHFVR1V3TnRCVUZmK3ZrdUhEMEQvQVVCUTFHV1Z4TGJUOVdVa3NMK1J2eWJ1YzYyM1dqL1JNaVpTVEJnCjArMFhmQ2FtM2M5NFZIWE5mc3lWNXM4b1lZTVFQS3B4TUhoQ21mUVhnbTJxcnJEYW9FUWNUakducGVoZzN1ekoKUnFrTmlwTCtvdFNYazY5ckdDSVZOVjFEYkNCeFhjUVM0Q3BFTDh1ZGtyYU10RmIzRnlxL0RWSnR6VHppcHRkSgpMdEpFbVlhR0FmeTJVejNicFBLRW5PelVMZTVlcnZtRW94dzNkWm54K24vMTdPRTM0UkRxZE5iRmVBTytmbnVrClJOUHVid0lEQVFBQm94QXdEakFNQmdOVkhSTUJBZjhFQWpBQU1BMEdDU3FHU0liM0RRRUJDd1VBQTRJQkFRQ0sKTVd0blRYVDdPSDZjMFVibFc5aDZsL0tKKzRyY2pzdDFXV1VGb1lROUVWUjZoVGtoS3JEWEdiTlJ2N3R4VGVHKwpVTmNVdVlNckRBZ3pZR0hWUEtJbElEQk5pT3MxREJQQjVaL0kyZ2g3QUJ5a3UycGcrazdKNHR3SjlFYkdlKzA1CmtKNzF6VWxXbHBYeEtReU0rTWJPQWlyZEgvZjhRbFUvcm9OUUk2MUZzUTR3LyswMWl0NXdQeXVXS3hrWW1LUmwKOU9xcDhLSGdrUXVHbVkzcEEvU1RnSVFqcGRSN1RQcGdONE5GU2NicENjZXA3QkFMaFMxdDFNaUFUVk1rWXV1SQp1dXlqZDc1V2l4NzhOTXJPNmFSdk8zd1FianlGVGdrNTlNV3VBYlZnVUpqZTF2SUtSMGR4aW9ZN2paRUFjVHp2CjU0U09VZ3pja1ZBNit3aTM5ZVY4Ci0tLS0tRU5EIENFUlRJRklDQVRFLS0tLS0K",
                            "master_auth.0.client_certificate_config.#": "0",
                            "master_auth.0.client_key": "LS0tLS1CRUdJTiBSU0EgUFJJVkFURSBLRVktLS0tLQpNSUlFcEFJQkFBS0NBUUVBcGtQUG5zMHRNU1d0bk55YS9CeFdZMWdnTUxWSnJZV3FHMy9JU01WYXFFVnBoQXJ4CjRGYVRLL2FrZTZCdHRjUjlJWUN2YkZreFJ1RGxyUlNnU2hrTlhxVUdVd050QlVGZit2a3VIRDBEL0FVQlExR1cKVnhMYlQ5V1Vrc0wrUnZ5YnVjNjIzV2ovUk1pWlNUQmcwKzBYZkNhbTNjOTRWSFhOZnN5VjVzOG9ZWU1RUEtweApNSGhDbWZRWGdtMnFyckRhb0VRY1RqR25wZWhnM3V6SlJxa05pcEwrb3RTWGs2OXJHQ0lWTlYxRGJDQnhYY1FTCjRDcEVMOHVka3JhTXRGYjNGeXEvRFZKdHpUemlwdGRKTHRKRW1ZYUdBZnkyVXozYnBQS0VuT3pVTGU1ZXJ2bUUKb3h3M2Rabngrbi8xN09FMzRSRHFkTmJGZUFPK2ZudWtSTlB1YndJREFRQUJBb0lCQUE2bXhsS2NJNlQycjI2MQpxNXhLUDhrQzlYTTd4b0dNMkR5c0lHcjJER3k1UkY4YWJqU01VdTFnM0ZLU044djR3K1NDVG95N1VwaFZMZ0hFCis0c01EdXBhbTdORGJnV2E3NXk0bHdiVWFhU3NqMjhob2pueUdkbHY5bWIxUC9makRHWUhUVkUzS0VFbEQzQXMKZFp2cWd5QVlDeEVvMW05VWlLQWNyelhOVFNXcWhQSUNiVzZUeDFMME5HRUJhVFB4cG1HTkNqMTJBWEpsNVk0dgozUDRBM0x0eHlySTdLWVV1MDFPZVFPRmNhZHlFcTN2aENjdGdzTHZraFJmeWJpekZremVWTEVXd013b29vOUZtCmZDUEZDRmNYb2hrWHlCUFl0MlB5T1NGY3pPaWF3eDdqaGRPazNTT2RQeTJpcTRtaHRtRlkyMy9EVGx2bkZac3gKNXpCRUc4RUNnWUVBNFBoOFZFVkRHa2tJUlRZbjc4VGxNZ2dUSHBqVTVkZnJoaHF0YVZtSGZlQjBUUjRiMVF6SQpXdFZpZEk4b0NxYTRPMXdUZ2tYZVhWU2lpWldCZm5LVVVCYTlySGc1MXUyR2FIL3I0TythNEVZTkk1S1Y1cWdLCnIyUllyVjNrZlFNSk9zMHVaRXhwRzJQajBmU1R4VHY0MEl1aWhZWGVMWWFURUs0MzVFekdmQmtDZ1lFQXZUSjYKR09jS1YyNHBxVWtrc0NUSXdRY2JUQzVyS3VWaTRYY1hJRlRHY2NxOVNuY0ZuZk5MWmZocnp3ejBib2FRQ04vbwpJV2sybnFFeUNxMW5TRHl6VEQwVmp4R25MMlhQQ1IxOXNNWHJmNWMrUUlsckZlOTI1MUlESFhxelR2THpYMktMCmkvZWMrMnhJTFBJRWR4SFhSbVZSQjVzRHZheWRpdHAyeDhma0Q4Y0NnWUVBa3dHczlNQkJ4Z1pkTWlUZVdlNTIKdW9mT1Bwc3QyM2VKdnhybG9FYlJvKzZzOE11dzhqb2xIajM3MVNESzBKTDdKa2JYdExRRlIwV0w1STNlallzLwo0VW5LN2MydU5nVUdaSGphNFNTUk51WnZwWVFmRWhkU3pDT3RVclJkSDFlQmkzd1NTWllveEs0MGE3ai9hczN5Cm5Bdnl5bitjbkhFbzNxaUplMVMwQ3RrQ2dZRUFwVzA0VXdQWkIvOWIwQmdUU3l5dW1CQzFycE83d3FNVkpWenkKektNemJKVy9reGVrd3FuVFdGS3hPVFh6bDV4eTNqK2hBVzIwZzFrZ256Tmxaa1VrNU5sWU8yTk5FbVZyZEdYagoyNmdDdE9veVZVMlNZM2loTjd0KzI4ekljWlIrZGYxOVZLSHFFZkJvMzF1eHljYkF1MTJsVHdnY2FrRSs4d1QzCjdORDd1VXNDZ1lCT2kyd3BINzV1UEY2SDBleXgzYWNzekxIZ3haMlNKMjVBYXpxUkJyaW03eWdXL2hJWnI1bHIKMzBXcktZdEdNb1NiQUhJVm9mK3JuV0QzL2JzNEFHOEVwT3NFeGlFekV2dlRxd0pPWjFIR2JRUktKTWJnS2xFOQpBbUx0bXdoUXV3L1JuK0JNOUtudEdKWitrSml0bDhrcnhCblBFMDRQTUZqSzdpR0lrVEVIWFE9PQotLS0tLUVORCBSU0EgUFJJVkFURSBLRVktLS0tLQo=",
                            "master_auth.0.cluster_ca_certificate": "LS0tLS1CRUdJTiBDRVJUSUZJQ0FURS0tLS0tCk1JSURERENDQWZTZ0F3SUJBZ0lSQUszenBnRmVyNGdNbGRXR0U5dmNlV013RFFZSktvWklodmNOQVFFTEJRQXcKTHpFdE1Dc0dBMVVFQXhNa1lUY3dNVEJoTkRJdFl6ZGxNQzAwTUdVM0xUbGxNVGt0Tmpsak56STJZelJsWWpBMApNQjRYRFRFNE1EWXlNREU0TlRnd05Gb1hEVEl6TURZeE9URTVOVGd3TkZvd0x6RXRNQ3NHQTFVRUF4TWtZVGN3Ck1UQmhOREl0WXpkbE1DMDBNR1UzTFRsbE1Ua3ROamxqTnpJMll6UmxZakEwTUlJQklqQU5CZ2txaGtpRzl3MEIKQVFFRkFBT0NBUThBTUlJQkNnS0NBUUVBK2VBRFErZkxQeWxRWCszaXpHaXRQaHIrU1pMZXB5Qm0rT1NjbjIwZApNTzJIN0pSRU5DYjRSWWU3bnVzOU9qcnc1d3dtd1VjTUYwam9ndkNTUDlpVkxnSkxlZ3N3b0ptb0pVa2FPV0hjCjlZZ1ZPVFpONVdZUGJyY203MnM4RGZqZkdQN3BzNDNXOUxKVExBOUt2OEJhMEJmMHdpcWlpK1QrZSs4V1pFNzMKbGpnek5zT2RVWVh5QUYxK0YvTTExWkI4aWUrR2pyMElYR2pzTFAvSTFDYWsrTFYwUlduUkVrRk9abm9OSGxpMwp5ZmtlSWU2ZHBNQk9oVFBUYXBJQStFUzNCVG5TTTJCT1dTYitHS2NSeWtWZ09BQW84MU5hbG1JRFBaU1poc3ZICk1VN2ZoUllSV2JQRFVWZlE1bmQ0eStmWTFmNkFqUHIyYWQ2WXNmRVE0bGg0OXdJREFRQUJveU13SVRBT0JnTlYKSFE4QkFmOEVCQU1DQWdRd0R3WURWUjBUQVFIL0JBVXdBd0VCL3pBTkJna3Foa2lHOXcwQkFRc0ZBQU9DQVFFQQpJMGo1R28rYm1FOEpkRlMxTTdNc2k1dXc5OUdNL3c2UTg2ZmlDYWs1NmIya1lldXlBVHE1WEdwV1Z1bjV3OEZ0CnZuV29RZGlXaTVlWllOOHRpcldwU2p0UkJwVGt5aUVFbjFQYmp6aytMUXEwWjlGMC9KOUJaY2pBang1ZXVoOUoKQUFDWXZjRGtDSVVBaTV5cCtlVWl4SUg0YW1FUlByNGpoaThscmNDV1JQMnQxKzRwWlVuc3VDeUs2NmhnVTdBaQpMOXVkdzF5RUMrMU9lNXdLWU9QT2VxRmgyeTRrWlJSOUFTN1JxUDZWWEpqUGN0a084WkdkRDZnVmFHZTUvQUc4CnhNTHlwR0cyRk5Nczc5a293T1NXVGx6L2VId2Ureks1R2Y0OWRpcDQzczBOcnZ1VmhsUDdlSDMyU0o5cDQ5b1oKRlVwMzA5bS83cm1ZOEsxVjFzVndtZz09Ci0tLS0tRU5EIENFUlRJRklDQVRFLS0tLS0K",
                            "master_auth.0.password": "strongPassword123",
                            "master_auth.0.username": "terraform",
                            "master_ipv4_cidr_block": "",
                            "master_version": "1.8.10-gke.0",
                            "monitoring_service": "monitoring.googleapis.com",
                            "name": "wordpress-cluster",
                            "network": "projects/k8-wordpress-mysql/global/networks/default",
                            "network_policy.#": "1",
                            "network_policy.0.enabled": "false",
                            "network_policy.0.provider": "PROVIDER_UNSPECIFIED",
                            "node_config.#": "1",
                            "node_config.0.disk_size_gb": "100",
                            "node_config.0.guest_accelerator.#": "0",
                            "node_config.0.image_type": "COS",
                            "node_config.0.labels.%": "0",
                            "node_config.0.local_ssd_count": "0",
                            "node_config.0.machine_type": "n1-standard-1",
                            "node_config.0.metadata.%": "0",
                            "node_config.0.min_cpu_platform": "",
                            "node_config.0.oauth_scopes.#": "4",
                            "node_config.0.oauth_scopes.1277378754": "https://www.googleapis.com/auth/monitoring",
                            "node_config.0.oauth_scopes.1632638332": "https://www.googleapis.com/auth/devstorage.read_only",
                            "node_config.0.oauth_scopes.172152165": "https://www.googleapis.com/auth/logging.write",
                            "node_config.0.oauth_scopes.299962681": "https://www.googleapis.com/auth/compute",
                            "node_config.0.preemptible": "false",
                            "node_config.0.service_account": "default",
                            "node_config.0.tags.#": "0",
                            "node_config.0.taint.#": "0",
                            "node_config.0.workload_metadata_config.#": "0",
                            "node_pool.#": "1",
                            "node_pool.0.autoscaling.#": "0",
                            "node_pool.0.initial_node_count": "3",
                            "node_pool.0.instance_group_urls.#": "1",
                            "node_pool.0.instance_group_urls.0": "https://www.googleapis.com/compute/v1/projects/k8-wordpress-mysql/zones/us-central1-b/instanceGroupManagers/gke-wordpress-cluster-default-pool-c2afb2e6-grp",
                            "node_pool.0.management.#": "1",
                            "node_pool.0.management.0.auto_repair": "false",
                            "node_pool.0.management.0.auto_upgrade": "false",
                            "node_pool.0.name": "default-pool",
                            "node_pool.0.name_prefix": "",
                            "node_pool.0.node_config.#": "1",
                            "node_pool.0.node_config.0.disk_size_gb": "100",
                            "node_pool.0.node_config.0.guest_accelerator.#": "0",
                            "node_pool.0.node_config.0.image_type": "COS",
                            "node_pool.0.node_config.0.labels.%": "0",
                            "node_pool.0.node_config.0.local_ssd_count": "0",
                            "node_pool.0.node_config.0.machine_type": "n1-standard-1",
                            "node_pool.0.node_config.0.metadata.%": "0",
                            "node_pool.0.node_config.0.min_cpu_platform": "",
                            "node_pool.0.node_config.0.oauth_scopes.#": "4",
                            "node_pool.0.node_config.0.oauth_scopes.1277378754": "https://www.googleapis.com/auth/monitoring",
                            "node_pool.0.node_config.0.oauth_scopes.1632638332": "https://www.googleapis.com/auth/devstorage.read_only",
                            "node_pool.0.node_config.0.oauth_scopes.172152165": "https://www.googleapis.com/auth/logging.write",
                            "node_pool.0.node_config.0.oauth_scopes.299962681": "https://www.googleapis.com/auth/compute",
                            "node_pool.0.node_config.0.preemptible": "false",
                            "node_pool.0.node_config.0.service_account": "default",
                            "node_pool.0.node_config.0.tags.#": "0",
                            "node_pool.0.node_config.0.taint.#": "0",
                            "node_pool.0.node_config.0.workload_metadata_config.#": "0",
                            "node_pool.0.node_count": "3",
                            "node_pool.0.version": "1.8.10-gke.0",
                            "node_version": "1.8.10-gke.0",
                            "private_cluster": "false",
                            "project": "k8-wordpress-mysql",
                            "subnetwork": "projects/k8-wordpress-mysql/regions/us-central1/subnetworks/default",
                            "zone": "us-central1-b"
                        },
                        "meta": {
                            "e2bfb730-ecaa-11e6-8f88-34363bc7c4c0": {
                                "create": 1800000000000,
                                "delete": 600000000000,
                                "update": 600000000000
                            },
                            "schema_version": "1"
                        },
                        "tainted": false
                    },
                    "deposed": [],
                    "provider": "provider.google"
                }
            },
            "depends_on": []
        }
    ]
}
